
Microsoft Visual Studio Solution File, Format Version 12.00
Project("{FAE04EC0-301F-11D3-BF4B-00C04F79EFBC}") = "AdventOfCode", "AdventOfCode\AdventOfCode.csproj", "{B5A29FEC-6535-4343-BDED-AF54226FDB4B}"
EndProject
Project("{FAE04EC0-301F-11D3-BF4B-00C04F79EFBC}") = "AdventOfCodeTest", "AdventOfCodeTest\AdventOfCodeTest.csproj", "{A8632B61-B974-4D8F-BA47-7D0893258196}"
EndProject
Global
	GlobalSection(SolutionConfigurationPlatforms) = preSolution
		Debug|Any CPU = Debug|Any CPU
		Release|Any CPU = Release|Any CPU
	EndGlobalSection
	GlobalSection(ProjectConfigurationPlatforms) = postSolution
		{B5A29FEC-6535-4343-BDED-AF54226FDB4B}.Debug|Any CPU.ActiveCfg = Debug|Any CPU
		{B5A29FEC-6535-4343-BDED-AF54226FDB4B}.Debug|Any CPU.Build.0 = Debug|Any CPU
		{B5A29FEC-6535-4343-BDED-AF54226FDB4B}.Release|Any CPU.ActiveCfg = Release|Any CPU
		{B5A29FEC-6535-4343-BDED-AF54226FDB4B}.Release|Any CPU.Build.0 = Release|Any CPU
		{A8632B61-B974-4D8F-BA47-7D0893258196}.Debug|Any CPU.ActiveCfg = Debug|Any CPU
		{A8632B61-B974-4D8F-BA47-7D0893258196}.Debug|Any CPU.Build.0 = Debug|Any CPU
		{A8632B61-B974-4D8F-BA47-7D0893258196}.Release|Any CPU.ActiveCfg = Release|Any CPU
		{A8632B61-B974-4D8F-BA47-7D0893258196}.Release|Any CPU.Build.0 = Release|Any CPU
	EndGlobalSection
EndGlobal
